{
  "object": {
    "pins": [
      {
        "package": "swift-argument-parser",
        "repositoryURL": "https://github.com/apple/swift-argument-parser.git",
        "state": {
          "branch": null,
          "revision": "9564d61b08a5335ae0a36f789a7d71493eacadfc",
          "version": "0.3.2"
        }
      },
      {
        "package": "SwiftSyntax",
        "repositoryURL": "https://github.com/unionst/SwiftSyntax.git",
        "state": {
          "branch": "main",
          "revision": "6883f2bcfca8b25a6e387a5473d13e1b631f9c5c",
          "version": null
        }
      }
    ]
  },
  "version": 1
}
